# THIS IS AN AUTOGENERATED FILE. DO NOT EDIT THIS FILE DIRECTLY.
# yarn lockfile v1


"@types/source-map@^0.5.2":
  "integrity" "sha512-LrnsgZIfJaysFkv9rRJp4/uAyqw87oVed3s1hhF83nwbo9c7MG9g5DqR0seHP+lkX4ldmMrVolPjQSe2ZfD0yA=="
  "resolved" "https://registry.npmjs.org/@types/source-map/-/source-map-0.5.7.tgz"
  "version" "0.5.7"
  dependencies:
    "source-map" "*"

"child-process@^1.0.2":
  "integrity" "sha1-mJdNx+0e5MYin44wX6cxOmiFp/I="
  "resolved" "https://registry.yarnpkg.com/child-process/-/child-process-1.0.2.tgz"
  "version" "1.0.2"

"dotenv@^8.2.0":
  "integrity" "sha512-8sJ78ElpbDJBHNeBzUbUVLsqKdccaa/BXF1uPTw3GrvQTBgrQrtObr2mUrE38vzYd8cEv+m/JBfDLioYcfXoaw=="
  "resolved" "https://registry.yarnpkg.com/dotenv/-/dotenv-8.2.0.tgz"
  "version" "8.2.0"

"minimist@^1.2.5":
  "integrity" "sha512-FM9nNUYrRBAELZQT3xeZQ7fmMOBg6nWNmJKTcgsJeaLstP/UODVpGsr5OhXhhXg6f+qtJ8uiZ+PUxkDWcgIXLw=="
  "resolved" "https://registry.yarnpkg.com/minimist/-/minimist-1.2.5.tgz"
  "version" "1.2.5"

"monday-sdk-js@^0.1.2":
  "integrity" "sha512-1HYnJaZbE+azLS1wrU9vBr3EuQpModVTGmdJ/TRzRZ5B7yam6DH3eTSbqgUc2sECngQ6FMGPWwV4FiCdOGgk9g=="
  "resolved" "https://registry.npmjs.org/monday-sdk-js/-/monday-sdk-js-0.1.2.tgz"
  "version" "0.1.2"
  dependencies:
    "@types/source-map" "^0.5.2"
    "node-fetch" "^2.6.0"

"node-fetch@^2.6.0":
  "integrity" "sha512-V4aYg89jEoVRxRb2fJdAg8FHvI7cEyYdVAh94HH0UIK8oJxUfkjlDQN9RbMx+bEjP7+ggMiFRprSti032Oipxw=="
  "resolved" "https://registry.npmjs.org/node-fetch/-/node-fetch-2.6.1.tgz"
  "version" "2.6.1"

"source-map@*":
  "integrity" "sha512-CkCj6giN3S+n9qrYiBTX5gystlENnRW5jZeNLHpe6aue+SrHcG5VYwujhW9s4dY31mEGsxBDrHR6oI69fTXsaQ=="
  "resolved" "https://registry.npmjs.org/source-map/-/source-map-0.7.3.tgz"
  "version" "0.7.3"
